# This file is generated by running "yarn install" inside your project.
# Manual changes might be lost - proceed with caution!

__metadata:
  version: 4
  cacheKey: 8

"@hapi/accept@npm:^5.0.1":
  version: 5.0.2
  resolution: "@hapi/accept@npm:5.0.2"
  dependencies:
    "@hapi/boom": 9.x.x
    "@hapi/hoek": 9.x.x
  checksum: 8088cbc245287f52722b2f6c42ae1f21f1f40001453582876b7de0329104427f88a277cd7857458bfc8ade4b9c872c9e5571b94de3c38440e40dbd3d25387954
  languageName: node
  linkType: hard

"@hapi/ammo@npm:^5.0.1":
  version: 5.0.1
  resolution: "@hapi/ammo@npm:5.0.1"
  dependencies:
    "@hapi/hoek": 9.x.x
  checksum: 94b8e622ad14935ffb26901456471f4fbad4067db9b712dcccf8b0b07f95ec62b2c260bec71148f5664973a06903d28659a3629a56d4b3b72e25e9b6f2968685
  languageName: node
  linkType: hard

"@hapi/b64@npm:5.x.x":
  version: 5.0.0
  resolution: "@hapi/b64@npm:5.0.0"
  dependencies:
    "@hapi/hoek": 9.x.x
  checksum: 1e166bc9a6ca2952190ede40089d552efa21554c3325d5174e5616b940f79cd8327520b239ef6725f823f95b9e4684579bc8e99a222b28639b793ae0ef788409
  languageName: node
  linkType: hard

"@hapi/boom@npm:9.x.x, @hapi/boom@npm:^9.1.0":
  version: 9.1.3
  resolution: "@hapi/boom@npm:9.1.3"
  dependencies:
    "@hapi/hoek": 9.x.x
  checksum: b7f54fa3fd4e9ea60c33a4be93ae9cd67cf1b4f000d9feb0393e9f617c5f49a753de66d7ca0048c90c9ca71e722cf1d0ce62e436d8076e69a6943cbf26f2c2f7
  languageName: node
  linkType: hard

"@hapi/bounce@npm:2.x.x, @hapi/bounce@npm:^2.0.0":
  version: 2.0.0
  resolution: "@hapi/bounce@npm:2.0.0"
  dependencies:
    "@hapi/boom": 9.x.x
    "@hapi/hoek": 9.x.x
  checksum: 36cb6bacc508ba6bfa1426345316d6e6b8ffade79c347ccbd3ba4d8f9657342c12ac1e28f35380dec22242305b84ccaf385ce80255bcb084bfb9aa83bced513f
  languageName: node
  linkType: hard

"@hapi/bourne@npm:2.x.x":
  version: 2.0.0
  resolution: "@hapi/bourne@npm:2.0.0"
  checksum: 2ea0922101d3fecec43428194c72c5dbe0be908dd7ad07347879dc720820ac410ead79a4c349a2e1726e8af062464160c6d32b6566bbc4c60865923f9d7dd006
  languageName: node
  linkType: hard

"@hapi/call@npm:^8.0.0":
  version: 8.0.1
  resolution: "@hapi/call@npm:8.0.1"
  dependencies:
    "@hapi/boom": 9.x.x
    "@hapi/hoek": 9.x.x
  checksum: 7b8f49368a20d4cbdc2dd64f3f1e3e18b414a84960d60f68471ac549ab39069cd4b9a8e432b976dd676131f41b69d9991b84e091c30ab3563179c184bbbc4b7c
  languageName: node
  linkType: hard

"@hapi/catbox-memory@npm:^5.0.0":
  version: 5.0.1
  resolution: "@hapi/catbox-memory@npm:5.0.1"
  dependencies:
    "@hapi/boom": 9.x.x
    "@hapi/hoek": 9.x.x
  checksum: 135c204d4605481000f31bab5ca59a5a9d18719246bf5715642a315440cb033db564fb1f86e9fda38906c77b8c37c7d761b0d59224e57c3ae470e326d5fca486
  languageName: node
  linkType: hard

"@hapi/catbox@npm:^11.1.1":
  version: 11.1.1
  resolution: "@hapi/catbox@npm:11.1.1"
  dependencies:
    "@hapi/boom": 9.x.x
    "@hapi/hoek": 9.x.x
    "@hapi/podium": 4.x.x
    "@hapi/validate": 1.x.x
  checksum: 15e116bf34d432909e64e29ce8bfa1668f75498fd62897ae7276eab520434d0c9e50d6101effc4f90b830d952e7766da7f342cac94afc50a1baed15645383e24
  languageName: node
  linkType: hard

"@hapi/content@npm:^5.0.2":
  version: 5.0.2
  resolution: "@hapi/content@npm:5.0.2"
  dependencies:
    "@hapi/boom": 9.x.x
  checksum: 62d944412cc84b62280133817c06f2362fc7faac435e69b7c3beda3637a28b6d8789234987d34b9e30833c54d71fc257bac852f26012378c8c2aa50add43ad0d
  languageName: node
  linkType: hard

"@hapi/cryptiles@npm:5.x.x":
  version: 5.1.0
  resolution: "@hapi/cryptiles@npm:5.1.0"
  dependencies:
    "@hapi/boom": 9.x.x
  checksum: 3109ad8435d6333b22092e8264e0cc32baafaa10c8c813685ca379c033b5d4123cd503aecdb535fb0c2d39d8e26c494f4c4998d5d040865907b64bf4cb72c705
  languageName: node
  linkType: hard

"@hapi/file@npm:2.x.x":
  version: 2.0.0
  resolution: "@hapi/file@npm:2.0.0"
  checksum: 0d5f7fd5a190ffcf8fc361d5348d04a1180fc93e116ba2772854751e78407e141f7a125cd0e396846d06517892b50765f5e30928ac1e1bd9d92cfcce2e8a9639
  languageName: node
  linkType: hard

"@hapi/hapi@npm:^20.1.5":
  version: 20.1.5
  resolution: "@hapi/hapi@npm:20.1.5"
  dependencies:
    "@hapi/accept": ^5.0.1
    "@hapi/ammo": ^5.0.1
    "@hapi/boom": ^9.1.0
    "@hapi/bounce": ^2.0.0
    "@hapi/call": ^8.0.0
    "@hapi/catbox": ^11.1.1
    "@hapi/catbox-memory": ^5.0.0
    "@hapi/heavy": ^7.0.1
    "@hapi/hoek": ^9.0.4
    "@hapi/mimos": ^6.0.0
    "@hapi/podium": ^4.1.1
    "@hapi/shot": ^5.0.5
    "@hapi/somever": ^3.0.0
    "@hapi/statehood": ^7.0.3
    "@hapi/subtext": ^7.0.3
    "@hapi/teamwork": ^5.1.0
    "@hapi/topo": ^5.0.0
    "@hapi/validate": ^1.1.1
  checksum: 5457583bdaa84bde955d5cb9eef4ef8c4559977b8dfc2406d10205348e59938b63c5424919e83aa8a596d3f73ee3aa390fe698eadb94d56e656b3becc908dede
  languageName: node
  linkType: hard

"@hapi/heavy@npm:^7.0.1":
  version: 7.0.1
  resolution: "@hapi/heavy@npm:7.0.1"
  dependencies:
    "@hapi/boom": 9.x.x
    "@hapi/hoek": 9.x.x
    "@hapi/validate": 1.x.x
  checksum: bca3272ab37ca7eebc9d5f48f070ffa58ac5784efae66243c3790531ccde4e80fb71325a7e2634560541cb326d2f040dc51ebaa37e78256c079499b99329192d
  languageName: node
  linkType: hard

"@hapi/hoek@npm:9.x.x, @hapi/hoek@npm:^9.0.0, @hapi/hoek@npm:^9.0.4":
  version: 9.2.0
  resolution: "@hapi/hoek@npm:9.2.0"
  checksum: 57103bb5074d24ffd876f559bac6b312f2f58fe0f21dbfb0b8941032cba4fd37d92249db366516e1f68e2033834b87001c1558f523b48130b21f823f1e35b91a
  languageName: node
  linkType: hard

"@hapi/iron@npm:6.x.x":
  version: 6.0.0
  resolution: "@hapi/iron@npm:6.0.0"
  dependencies:
    "@hapi/b64": 5.x.x
    "@hapi/boom": 9.x.x
    "@hapi/bourne": 2.x.x
    "@hapi/cryptiles": 5.x.x
    "@hapi/hoek": 9.x.x
  checksum: ef07abc8a55eb8b60ab0c09d797bb13b39d283260ecdabedc1568c64c47d8c15fe517beed4f76a2b69dac57e6c26cd30ac7612169c41adb8f4c77ea3f58d973d
  languageName: node
  linkType: hard

"@hapi/mimos@npm:^6.0.0":
  version: 6.0.0
  resolution: "@hapi/mimos@npm:6.0.0"
  dependencies:
    "@hapi/hoek": 9.x.x
    mime-db: 1.x.x
  checksum: 99dd85030372276d0acebdf327234455f4b4e78dda52652e04ba00de99a186c931446aff72c3faab35a414135ef04ecc661399eb95893c6e54395f7b6ff9570f
  languageName: node
  linkType: hard

"@hapi/nigel@npm:4.x.x":
  version: 4.0.2
  resolution: "@hapi/nigel@npm:4.0.2"
  dependencies:
    "@hapi/hoek": ^9.0.4
    "@hapi/vise": ^4.0.0
  checksum: ea89707d5f240c67f0f0f9405da39312ca55945584bdf541ae59cc7bcdab6161cd4d20fd9ceb3a6052cd20ae400dc3648860d0ba0f32088144782d8108b0f7d4
  languageName: node
  linkType: hard

"@hapi/pez@npm:^5.0.1":
  version: 5.0.3
  resolution: "@hapi/pez@npm:5.0.3"
  dependencies:
    "@hapi/b64": 5.x.x
    "@hapi/boom": 9.x.x
    "@hapi/content": ^5.0.2
    "@hapi/hoek": 9.x.x
    "@hapi/nigel": 4.x.x
  checksum: caa91db754e22c27d70cf5900df5b208d9848f99288a15bbe1f7798a9e4d381303adde5a8d64c07ed65f53f453f6ca6cf2e46f25601364bad66282e4e7413a03
  languageName: node
  linkType: hard

"@hapi/podium@npm:4.x.x, @hapi/podium@npm:^4.1.1":
  version: 4.1.3
  resolution: "@hapi/podium@npm:4.1.3"
  dependencies:
    "@hapi/hoek": 9.x.x
    "@hapi/teamwork": 5.x.x
    "@hapi/validate": 1.x.x
  checksum: da7d02af93a2797fc522cca0ec6cf12691a75047857db80162405d7f83bbf437d49f95c20714bd8e19f2ff41b8e5139e88fb7a896f5d967e0d9bcbf632a9feae
  languageName: node
  linkType: hard

"@hapi/shot@npm:^5.0.5":
  version: 5.0.5
  resolution: "@hapi/shot@npm:5.0.5"
  dependencies:
    "@hapi/hoek": 9.x.x
    "@hapi/validate": 1.x.x
  checksum: b56535d4e6a702ba39a71010d7b589cc4356b0662e6bdc924474eefa8baffe75f137279c3d6312d97aedf9ace46fd5a26e527e9e884cc24bca185af27fa70b43
  languageName: node
  linkType: hard

"@hapi/somever@npm:^3.0.0":
  version: 3.0.1
  resolution: "@hapi/somever@npm:3.0.1"
  dependencies:
    "@hapi/bounce": 2.x.x
    "@hapi/hoek": 9.x.x
  checksum: e1b9d0af142d287f89e12c8386a1f6435969caa6ef8885f774ba19477f7276690041da585382067575ce50ee1aa1af0f04ffa8fbddcbb9d2183cfc8c4a3e2279
  languageName: node
  linkType: hard

"@hapi/statehood@npm:^7.0.3":
  version: 7.0.3
  resolution: "@hapi/statehood@npm:7.0.3"
  dependencies:
    "@hapi/boom": 9.x.x
    "@hapi/bounce": 2.x.x
    "@hapi/bourne": 2.x.x
    "@hapi/cryptiles": 5.x.x
    "@hapi/hoek": 9.x.x
    "@hapi/iron": 6.x.x
    "@hapi/validate": 1.x.x
  checksum: 6b8f43104bf3d694bde838f604d86923c346eb8b885519239ae4b8555b8bcd10ca6d2239e9dbdae2d7fcfd9e93735634b534c835a69eeb5951b1a855e015b00e
  languageName: node
  linkType: hard

"@hapi/subtext@npm:^7.0.3":
  version: 7.0.3
  resolution: "@hapi/subtext@npm:7.0.3"
  dependencies:
    "@hapi/boom": 9.x.x
    "@hapi/bourne": 2.x.x
    "@hapi/content": ^5.0.2
    "@hapi/file": 2.x.x
    "@hapi/hoek": 9.x.x
    "@hapi/pez": ^5.0.1
    "@hapi/wreck": 17.x.x
  checksum: f10702ba7ab931752ee360c05d66586ed9ef3e1c77e2cb19532146e20843407b9014e3a064c0ce388683fcf99a1e9107b2a1cbf033fda3d7a02fae7c633a848b
  languageName: node
  linkType: hard

"@hapi/teamwork@npm:5.x.x, @hapi/teamwork@npm:^5.1.0":
  version: 5.1.0
  resolution: "@hapi/teamwork@npm:5.1.0"
  checksum: cd63182f88183cb68c65b4b4bcfd696a181f850eadf59f316bfe2050e12f19ec1f60882fe4e017bc82652d559489b5de19d969b2d0951c0eefc8d454c76207b3
  languageName: node
  linkType: hard

"@hapi/topo@npm:^5.0.0":
  version: 5.1.0
  resolution: "@hapi/topo@npm:5.1.0"
  dependencies:
    "@hapi/hoek": ^9.0.0
  checksum: 604dfd5dde76d5c334bd03f9001fce69c7ce529883acf92da96f4fe7e51221bf5e5110e964caca287a6a616ba027c071748ab636ff178ad750547fba611d6014
  languageName: node
  linkType: hard

"@hapi/validate@npm:1.x.x, @hapi/validate@npm:^1.1.1":
  version: 1.1.3
  resolution: "@hapi/validate@npm:1.1.3"
  dependencies:
    "@hapi/hoek": ^9.0.0
    "@hapi/topo": ^5.0.0
  checksum: dd6f8d6e33ac55d430448bc83c33572a593702ae856186610161a9488a611110ac4f793339043ea44a6f79bebe689bc7f86122df2f817725255159a0c1cb62ec
  languageName: node
  linkType: hard

"@hapi/vise@npm:^4.0.0":
  version: 4.0.0
  resolution: "@hapi/vise@npm:4.0.0"
  dependencies:
    "@hapi/hoek": 9.x.x
  checksum: ddee101b4d4b01153d2eb51cd180c889297805f5117b7061088a2f1de29b71684c956fa1ff3c1575572992bfd485a60dee9376b03ffdbd0adbd861222a31f30a
  languageName: node
  linkType: hard

"@hapi/wreck@npm:17.x.x":
  version: 17.1.0
  resolution: "@hapi/wreck@npm:17.1.0"
  dependencies:
    "@hapi/boom": 9.x.x
    "@hapi/bourne": 2.x.x
    "@hapi/hoek": 9.x.x
  checksum: 4a9e27b93973b9919bcf6ca9570b502b8391d19056781caeaf84c7f21cc373d9dd389dbcda673816239a6ab42bc98958444258403e5b0615c8ed187f9cd0e25f
  languageName: node
  linkType: hard

"cross-env@npm:^7.0.3":
  version: 7.0.3
  resolution: "cross-env@npm:7.0.3"
  dependencies:
    cross-spawn: ^7.0.1
  bin:
    cross-env: src/bin/cross-env.js
    cross-env-shell: src/bin/cross-env-shell.js
  checksum: 26f2f3ea2ab32617f57effb70d329c2070d2f5630adc800985d8b30b56e8bf7f5f439dd3a0358b79cee6f930afc23cf8e23515f17ccfb30092c6b62c6b630a79
  languageName: node
  linkType: hard

"cross-spawn@npm:^7.0.1":
  version: 7.0.3
  resolution: "cross-spawn@npm:7.0.3"
  dependencies:
    path-key: ^3.1.0
    shebang-command: ^2.0.0
    which: ^2.0.1
  checksum: 671cc7c7288c3a8406f3c69a3ae2fc85555c04169e9d611def9a675635472614f1c0ed0ef80955d5b6d4e724f6ced67f0ad1bb006c2ea643488fcfef994d7f52
  languageName: node
  linkType: hard

"devtools@1.0.0, devtools@workspace:packages/devtools":
  version: 0.0.0-use.local
  resolution: "devtools@workspace:packages/devtools"
  dependencies:
    env-manager: 1.0.0
  bin:
    devtools: ./index.js
  languageName: unknown
  linkType: soft

"env-manager@1.0.0, env-manager@workspace:packages/env-manager":
  version: 0.0.0-use.local
  resolution: "env-manager@workspace:packages/env-manager"
  dependencies:
    devtools: 1.0.0
  languageName: unknown
  linkType: soft

"farewell-service@workspace:packages/farewell-service":
  version: 0.0.0-use.local
  resolution: "farewell-service@workspace:packages/farewell-service"
  dependencies:
    "@hapi/hapi": ^20.1.5
    cross-env: ^7.0.3
    text-lib: "workspace:1.0.0"
  languageName: unknown
  linkType: soft

"greeter-service@workspace:packages/greeter-service":
  version: 0.0.0-use.local
  resolution: "greeter-service@workspace:packages/greeter-service"
  dependencies:
    "@hapi/hapi": ^20.1.5
    text-lib: 1.0.0
  languageName: unknown
  linkType: soft

"isexe@npm:^2.0.0":
  version: 2.0.0
  resolution: "isexe@npm:2.0.0"
  checksum: 26bf6c5480dda5161c820c5b5c751ae1e766c587b1f951ea3fcfc973bafb7831ae5b54a31a69bd670220e42e99ec154475025a468eae58ea262f813fdc8d1c62
  languageName: node
  linkType: hard

"mime-db@npm:1.x.x":
  version: 1.49.0
  resolution: "mime-db@npm:1.49.0"
  checksum: 3744efc45b17896ff8a5934a761c434d5ffe3c7816662002d799ca9934347e00f99ae4d9b4ddf1c48d391cc9e522cc4523a6e77e7701f8e27c426e3e1d6e215a
  languageName: node
  linkType: hard

"monorepo-example@workspace:.":
  version: 0.0.0-use.local
  resolution: "monorepo-example@workspace:."
  languageName: unknown
  linkType: soft

"path-key@npm:^3.1.0":
  version: 3.1.1
  resolution: "path-key@npm:3.1.1"
  checksum: 55cd7a9dd4b343412a8386a743f9c746ef196e57c823d90ca3ab917f90ab9f13dd0ded27252ba49dbdfcab2b091d998bc446f6220cd3cea65db407502a740020
  languageName: node
  linkType: hard

"shebang-command@npm:^2.0.0":
  version: 2.0.0
  resolution: "shebang-command@npm:2.0.0"
  dependencies:
    shebang-regex: ^3.0.0
  checksum: 6b52fe87271c12968f6a054e60f6bde5f0f3d2db483a1e5c3e12d657c488a15474121a1d55cd958f6df026a54374ec38a4a963988c213b7570e1d51575cea7fa
  languageName: node
  linkType: hard

"shebang-regex@npm:^3.0.0":
  version: 3.0.0
  resolution: "shebang-regex@npm:3.0.0"
  checksum: 1a2bcae50de99034fcd92ad4212d8e01eedf52c7ec7830eedcf886622804fe36884278f2be8be0ea5fde3fd1c23911643a4e0f726c8685b61871c8908af01222
  languageName: node
  linkType: hard

"text-lib@1.0.0, text-lib@workspace:1.0.0, text-lib@workspace:packages/text-lib":
  version: 0.0.0-use.local
  resolution: "text-lib@workspace:packages/text-lib"
  languageName: unknown
  linkType: soft

"which@npm:^2.0.1":
  version: 2.0.2
  resolution: "which@npm:2.0.2"
  dependencies:
    isexe: ^2.0.0
  bin:
    node-which: ./bin/node-which
  checksum: 1a5c563d3c1b52d5f893c8b61afe11abc3bab4afac492e8da5bde69d550de701cf9806235f20a47b5c8fa8a1d6a9135841de2596535e998027a54589000e66d1
  languageName: node
  linkType: hard
